
Microsoft Visual Studio Solution File, Format Version 12.00
Project("{FAE04EC0-301F-11D3-BF4B-00C04F79EFBC}") = "Sec2DbAnalyze", "Sec2DbAnalyze\Sec2DbAnalyze.csproj", "{17D8B9A0-468A-415F-BA77-94AC055CC52C}"
EndProject
Global
	GlobalSection(SolutionConfigurationPlatforms) = preSolution
		Debug|Any CPU = Debug|Any CPU
		Release|Any CPU = Release|Any CPU
	EndGlobalSection
	GlobalSection(ProjectConfigurationPlatforms) = postSolution
		{17D8B9A0-468A-415F-BA77-94AC055CC52C}.Debug|Any CPU.ActiveCfg = Debug|Any CPU
		{17D8B9A0-468A-415F-BA77-94AC055CC52C}.Debug|Any CPU.Build.0 = Debug|Any CPU
		{17D8B9A0-468A-415F-BA77-94AC055CC52C}.Release|Any CPU.ActiveCfg = Release|Any CPU
		{17D8B9A0-468A-415F-BA77-94AC055CC52C}.Release|Any CPU.Build.0 = Release|Any CPU
	EndGlobalSection
EndGlobal
